
Microsoft Visual Studio Solution File, Format Version 12.00
# Visual Studio 15
VisualStudioVersion = 15.0.28307.645
MinimumVisualStudioVersion = 10.0.40219.1
Project("{9A19103F-16F7-4668-BE54-9A1E7A4F7556}") = "SkiLengthCalculator", "SkiLengthCalculator\SkiLengthCalculator.csproj", "{3DF68DC8-B4CE-46BF-BA23-BEA7C2980E26}"
EndProject
Project("{FAE04EC0-301F-11D3-BF4B-00C04F79EFBC}") = "SkiLengthCalculatorApi", "SkiLengthCalculatorApi\SkiLengthCalculatorApi.csproj", "{5DB657D3-0EBA-4284-B18F-22ED14F5E5C7}"
EndProject
Global
	GlobalSection(SolutionConfigurationPlatforms) = preSolution
		Debug|Any CPU = Debug|Any CPU
		Release|Any CPU = Release|Any CPU
	EndGlobalSection
	GlobalSection(ProjectConfigurationPlatforms) = postSolution
		{3DF68DC8-B4CE-46BF-BA23-BEA7C2980E26}.Debug|Any CPU.ActiveCfg = Debug|Any CPU
		{3DF68DC8-B4CE-46BF-BA23-BEA7C2980E26}.Debug|Any CPU.Build.0 = Debug|Any CPU
		{3DF68DC8-B4CE-46BF-BA23-BEA7C2980E26}.Release|Any CPU.ActiveCfg = Release|Any CPU
		{3DF68DC8-B4CE-46BF-BA23-BEA7C2980E26}.Release|Any CPU.Build.0 = Release|Any CPU
		{5DB657D3-0EBA-4284-B18F-22ED14F5E5C7}.Debug|Any CPU.ActiveCfg = Debug|Any CPU
		{5DB657D3-0EBA-4284-B18F-22ED14F5E5C7}.Debug|Any CPU.Build.0 = Debug|Any CPU
		{5DB657D3-0EBA-4284-B18F-22ED14F5E5C7}.Release|Any CPU.ActiveCfg = Release|Any CPU
		{5DB657D3-0EBA-4284-B18F-22ED14F5E5C7}.Release|Any CPU.Build.0 = Release|Any CPU
	EndGlobalSection
	GlobalSection(SolutionProperties) = preSolution
		HideSolutionNode = FALSE
	EndGlobalSection
	GlobalSection(ExtensibilityGlobals) = postSolution
		SolutionGuid = {82E17B43-57D3-412C-89EC-E619718B0260}
	EndGlobalSection
EndGlobal
